
Microsoft Visual Studio Solution File, Format Version 12.00
# Visual Studio Version 16
VisualStudioVersion = 16.0.29905.134
MinimumVisualStudioVersion = 10.0.40219.1
Project("{9A19103F-16F7-4668-BE54-9A1E7A4F7556}") = "Task 1", "Task 1\Task 1.csproj", "{FD4D37A4-DDA9-4C4F-9470-4FD8FEF64CBD}"
EndProject
Project("{FAE04EC0-301F-11D3-BF4B-00C04F79EFBC}") = "Task 2", "Task 2\Task 2.csproj", "{6466D9E9-22D4-4983-BBD3-CE193AB4C55F}"
EndProject
Global
	GlobalSection(SolutionConfigurationPlatforms) = preSolution
		Debug|Any CPU = Debug|Any CPU
		Release|Any CPU = Release|Any CPU
	EndGlobalSection
	GlobalSection(ProjectConfigurationPlatforms) = postSolution
		{FD4D37A4-DDA9-4C4F-9470-4FD8FEF64CBD}.Debug|Any CPU.ActiveCfg = Debug|Any CPU
		{FD4D37A4-DDA9-4C4F-9470-4FD8FEF64CBD}.Debug|Any CPU.Build.0 = Debug|Any CPU
		{FD4D37A4-DDA9-4C4F-9470-4FD8FEF64CBD}.Release|Any CPU.ActiveCfg = Release|Any CPU
		{FD4D37A4-DDA9-4C4F-9470-4FD8FEF64CBD}.Release|Any CPU.Build.0 = Release|Any CPU
		{6466D9E9-22D4-4983-BBD3-CE193AB4C55F}.Debug|Any CPU.ActiveCfg = Debug|Any CPU
		{6466D9E9-22D4-4983-BBD3-CE193AB4C55F}.Debug|Any CPU.Build.0 = Debug|Any CPU
		{6466D9E9-22D4-4983-BBD3-CE193AB4C55F}.Release|Any CPU.ActiveCfg = Release|Any CPU
		{6466D9E9-22D4-4983-BBD3-CE193AB4C55F}.Release|Any CPU.Build.0 = Release|Any CPU
	EndGlobalSection
	GlobalSection(SolutionProperties) = preSolution
		HideSolutionNode = FALSE
	EndGlobalSection
	GlobalSection(ExtensibilityGlobals) = postSolution
		SolutionGuid = {25800D89-FA36-49A3-B184-90BF390C92D3}
	EndGlobalSection
EndGlobal
