
Microsoft Visual Studio Solution File, Format Version 12.00
# Visual Studio Version 16
VisualStudioVersion = 16.0.29905.134
MinimumVisualStudioVersion = 10.0.40219.1
Project("{9A19103F-16F7-4668-BE54-9A1E7A4F7556}") = "Homework Class 4 Task 1", "Homework Class 4 Task 1\Homework Class 4 Task 1.csproj", "{0D64D656-05E2-4102-8E0B-27412CB22302}"
EndProject
Project("{9A19103F-16F7-4668-BE54-9A1E7A4F7556}") = "Task 1", "Task 1\Task 1.csproj", "{377DB3BD-DC2E-47B6-A2D2-C4B4F4CEF136}"
EndProject
Project("{FAE04EC0-301F-11D3-BF4B-00C04F79EFBC}") = "Task 2", "Task 2\Task 2.csproj", "{D69DE0A0-BA02-45C4-ABEB-9F41D5598756}"
EndProject
Project("{FAE04EC0-301F-11D3-BF4B-00C04F79EFBC}") = "Task 3", "Task 3\Task 3.csproj", "{2A57A656-8C74-43FB-ACE4-3821147E713D}"
EndProject
Global
	GlobalSection(SolutionConfigurationPlatforms) = preSolution
		Debug|Any CPU = Debug|Any CPU
		Release|Any CPU = Release|Any CPU
	EndGlobalSection
	GlobalSection(ProjectConfigurationPlatforms) = postSolution
		{0D64D656-05E2-4102-8E0B-27412CB22302}.Debug|Any CPU.ActiveCfg = Debug|Any CPU
		{0D64D656-05E2-4102-8E0B-27412CB22302}.Debug|Any CPU.Build.0 = Debug|Any CPU
		{0D64D656-05E2-4102-8E0B-27412CB22302}.Release|Any CPU.ActiveCfg = Release|Any CPU
		{0D64D656-05E2-4102-8E0B-27412CB22302}.Release|Any CPU.Build.0 = Release|Any CPU
		{377DB3BD-DC2E-47B6-A2D2-C4B4F4CEF136}.Debug|Any CPU.ActiveCfg = Debug|Any CPU
		{377DB3BD-DC2E-47B6-A2D2-C4B4F4CEF136}.Debug|Any CPU.Build.0 = Debug|Any CPU
		{377DB3BD-DC2E-47B6-A2D2-C4B4F4CEF136}.Release|Any CPU.ActiveCfg = Release|Any CPU
		{377DB3BD-DC2E-47B6-A2D2-C4B4F4CEF136}.Release|Any CPU.Build.0 = Release|Any CPU
		{D69DE0A0-BA02-45C4-ABEB-9F41D5598756}.Debug|Any CPU.ActiveCfg = Debug|Any CPU
		{D69DE0A0-BA02-45C4-ABEB-9F41D5598756}.Debug|Any CPU.Build.0 = Debug|Any CPU
		{D69DE0A0-BA02-45C4-ABEB-9F41D5598756}.Release|Any CPU.ActiveCfg = Release|Any CPU
		{D69DE0A0-BA02-45C4-ABEB-9F41D5598756}.Release|Any CPU.Build.0 = Release|Any CPU
		{2A57A656-8C74-43FB-ACE4-3821147E713D}.Debug|Any CPU.ActiveCfg = Debug|Any CPU
		{2A57A656-8C74-43FB-ACE4-3821147E713D}.Debug|Any CPU.Build.0 = Debug|Any CPU
		{2A57A656-8C74-43FB-ACE4-3821147E713D}.Release|Any CPU.ActiveCfg = Release|Any CPU
		{2A57A656-8C74-43FB-ACE4-3821147E713D}.Release|Any CPU.Build.0 = Release|Any CPU
	EndGlobalSection
	GlobalSection(SolutionProperties) = preSolution
		HideSolutionNode = FALSE
	EndGlobalSection
	GlobalSection(ExtensibilityGlobals) = postSolution
		SolutionGuid = {66879973-96AD-4250-8F66-6AF60D22977C}
	EndGlobalSection
EndGlobal
