
Microsoft Visual Studio Solution File, Format Version 12.00
# Visual Studio Version 16
VisualStudioVersion = 16.0.30204.135
MinimumVisualStudioVersion = 10.0.40219.1
Project("{FAE04EC0-301F-11D3-BF4B-00C04F79EFBC}") = "Polymorphism", "Polymorphism\Polymorphism.csproj", "{B4D53699-BD0B-4DC8-B311-753A9ECFF354}"
EndProject
Global
	GlobalSection(SolutionConfigurationPlatforms) = preSolution
		Debug|Any CPU = Debug|Any CPU
		Release|Any CPU = Release|Any CPU
	EndGlobalSection
	GlobalSection(ProjectConfigurationPlatforms) = postSolution
		{B4D53699-BD0B-4DC8-B311-753A9ECFF354}.Debug|Any CPU.ActiveCfg = Debug|Any CPU
		{B4D53699-BD0B-4DC8-B311-753A9ECFF354}.Debug|Any CPU.Build.0 = Debug|Any CPU
		{B4D53699-BD0B-4DC8-B311-753A9ECFF354}.Release|Any CPU.ActiveCfg = Release|Any CPU
		{B4D53699-BD0B-4DC8-B311-753A9ECFF354}.Release|Any CPU.Build.0 = Release|Any CPU
	EndGlobalSection
	GlobalSection(SolutionProperties) = preSolution
		HideSolutionNode = FALSE
	EndGlobalSection
	GlobalSection(ExtensibilityGlobals) = postSolution
		SolutionGuid = {51EA2ADE-2891-4FAD-BC9C-6C6B9E670693}
	EndGlobalSection
EndGlobal
