
Microsoft Visual Studio Solution File, Format Version 12.00
# Visual Studio Version 16
VisualStudioVersion = 16.0.29905.134
MinimumVisualStudioVersion = 10.0.40219.1
Project("{9A19103F-16F7-4668-BE54-9A1E7A4F7556}") = "HomeworkClass03", "HomeworkClass03\HomeworkClass03.csproj", "{F3EA510F-2B64-4F2D-AD18-0D03E23FFE4E}"
EndProject
Project("{FAE04EC0-301F-11D3-BF4B-00C04F79EFBC}") = "StudentGroup", "StudentGroup\StudentGroup.csproj", "{AA86F0C5-EBE7-4119-9C0C-F09823C05995}"
EndProject
Global
	GlobalSection(SolutionConfigurationPlatforms) = preSolution
		Debug|Any CPU = Debug|Any CPU
		Release|Any CPU = Release|Any CPU
	EndGlobalSection
	GlobalSection(ProjectConfigurationPlatforms) = postSolution
		{F3EA510F-2B64-4F2D-AD18-0D03E23FFE4E}.Debug|Any CPU.ActiveCfg = Debug|Any CPU
		{F3EA510F-2B64-4F2D-AD18-0D03E23FFE4E}.Debug|Any CPU.Build.0 = Debug|Any CPU
		{F3EA510F-2B64-4F2D-AD18-0D03E23FFE4E}.Release|Any CPU.ActiveCfg = Release|Any CPU
		{F3EA510F-2B64-4F2D-AD18-0D03E23FFE4E}.Release|Any CPU.Build.0 = Release|Any CPU
		{AA86F0C5-EBE7-4119-9C0C-F09823C05995}.Debug|Any CPU.ActiveCfg = Debug|Any CPU
		{AA86F0C5-EBE7-4119-9C0C-F09823C05995}.Debug|Any CPU.Build.0 = Debug|Any CPU
		{AA86F0C5-EBE7-4119-9C0C-F09823C05995}.Release|Any CPU.ActiveCfg = Release|Any CPU
		{AA86F0C5-EBE7-4119-9C0C-F09823C05995}.Release|Any CPU.Build.0 = Release|Any CPU
	EndGlobalSection
	GlobalSection(SolutionProperties) = preSolution
		HideSolutionNode = FALSE
	EndGlobalSection
	GlobalSection(ExtensibilityGlobals) = postSolution
		SolutionGuid = {B73950C6-9ECF-4321-8617-76FBBE2D32FE}
	EndGlobalSection
EndGlobal
